
Microsoft Visual Studio Solution File, Format Version 12.00
# Visual Studio 15
VisualStudioVersion = 15.0.28010.2003
MinimumVisualStudioVersion = 10.0.40219.1
Project("{FAE04EC0-301F-11D3-BF4B-00C04F79EFBC}") = "A9", "A9\A9.csproj", "{B58C38DF-33B3-4C0B-8DBB-58640E7CC3A1}"
EndProject
Project("{FAE04EC0-301F-11D3-BF4B-00C04F79EFBC}") = "A9Tests", "A9Tests\A9Tests.csproj", "{DF5033D5-0A73-43BF-A59B-761517BC376B}"
EndProject
Project("{FAE04EC0-301F-11D3-BF4B-00C04F79EFBC}") = "TestCommon", "..\Common\TestCommon\TestCommon.csproj", "{C39FF0C4-6960-42AD-8E2C-D2CAFE850A52}"
EndProject
Global
	GlobalSection(SolutionConfigurationPlatforms) = preSolution
		Debug|Any CPU = Debug|Any CPU
		Release|Any CPU = Release|Any CPU
	EndGlobalSection
	GlobalSection(ProjectConfigurationPlatforms) = postSolution
		{B58C38DF-33B3-4C0B-8DBB-58640E7CC3A1}.Debug|Any CPU.ActiveCfg = Debug|Any CPU
		{B58C38DF-33B3-4C0B-8DBB-58640E7CC3A1}.Debug|Any CPU.Build.0 = Debug|Any CPU
		{B58C38DF-33B3-4C0B-8DBB-58640E7CC3A1}.Release|Any CPU.ActiveCfg = Release|Any CPU
		{B58C38DF-33B3-4C0B-8DBB-58640E7CC3A1}.Release|Any CPU.Build.0 = Release|Any CPU
		{DF5033D5-0A73-43BF-A59B-761517BC376B}.Debug|Any CPU.ActiveCfg = Debug|Any CPU
		{DF5033D5-0A73-43BF-A59B-761517BC376B}.Debug|Any CPU.Build.0 = Debug|Any CPU
		{DF5033D5-0A73-43BF-A59B-761517BC376B}.Release|Any CPU.ActiveCfg = Release|Any CPU
		{DF5033D5-0A73-43BF-A59B-761517BC376B}.Release|Any CPU.Build.0 = Release|Any CPU
		{C39FF0C4-6960-42AD-8E2C-D2CAFE850A52}.Debug|Any CPU.ActiveCfg = Debug|Any CPU
		{C39FF0C4-6960-42AD-8E2C-D2CAFE850A52}.Debug|Any CPU.Build.0 = Debug|Any CPU
		{C39FF0C4-6960-42AD-8E2C-D2CAFE850A52}.Release|Any CPU.ActiveCfg = Release|Any CPU
		{C39FF0C4-6960-42AD-8E2C-D2CAFE850A52}.Release|Any CPU.Build.0 = Release|Any CPU
	EndGlobalSection
	GlobalSection(SolutionProperties) = preSolution
		HideSolutionNode = FALSE
	EndGlobalSection
	GlobalSection(ExtensibilityGlobals) = postSolution
		SolutionGuid = {14084A99-DB70-4820-8B7E-CD38D3AA280E}
	EndGlobalSection
EndGlobal
