
Microsoft Visual Studio Solution File, Format Version 12.00
# Visual Studio 15
VisualStudioVersion = 15.0.28010.2003
MinimumVisualStudioVersion = 10.0.40219.1
Project("{FAE04EC0-301F-11D3-BF4B-00C04F79EFBC}") = "Q1", "Q1\Q1.csproj", "{D75DFAFF-ABB8-43A6-83CF-6801D181840B}"
EndProject
Project("{FAE04EC0-301F-11D3-BF4B-00C04F79EFBC}") = "Q1Tests", "Q1Tests\Q1Tests.csproj", "{4F9DCA7A-418D-4570-8203-B092533123EA}"
EndProject
Global
	GlobalSection(SolutionConfigurationPlatforms) = preSolution
		Debug|Any CPU = Debug|Any CPU
		Release|Any CPU = Release|Any CPU
	EndGlobalSection
	GlobalSection(ProjectConfigurationPlatforms) = postSolution
		{D75DFAFF-ABB8-43A6-83CF-6801D181840B}.Debug|Any CPU.ActiveCfg = Debug|Any CPU
		{D75DFAFF-ABB8-43A6-83CF-6801D181840B}.Debug|Any CPU.Build.0 = Debug|Any CPU
		{D75DFAFF-ABB8-43A6-83CF-6801D181840B}.Release|Any CPU.ActiveCfg = Release|Any CPU
		{D75DFAFF-ABB8-43A6-83CF-6801D181840B}.Release|Any CPU.Build.0 = Release|Any CPU
		{4F9DCA7A-418D-4570-8203-B092533123EA}.Debug|Any CPU.ActiveCfg = Debug|Any CPU
		{4F9DCA7A-418D-4570-8203-B092533123EA}.Debug|Any CPU.Build.0 = Debug|Any CPU
		{4F9DCA7A-418D-4570-8203-B092533123EA}.Release|Any CPU.ActiveCfg = Release|Any CPU
		{4F9DCA7A-418D-4570-8203-B092533123EA}.Release|Any CPU.Build.0 = Release|Any CPU
	EndGlobalSection
	GlobalSection(SolutionProperties) = preSolution
		HideSolutionNode = FALSE
	EndGlobalSection
	GlobalSection(ExtensibilityGlobals) = postSolution
		SolutionGuid = {0DEEC95A-08B7-4AD5-A532-8E8D1BE71028}
	EndGlobalSection
EndGlobal
