
Microsoft Visual Studio Solution File, Format Version 12.00
# Visual Studio 15
VisualStudioVersion = 15.0.28010.2003
MinimumVisualStudioVersion = 10.0.40219.1
Project("{FAE04EC0-301F-11D3-BF4B-00C04F79EFBC}") = "A6", "A6\A6.csproj", "{BCF39A66-CA1A-4328-A1DF-73C9E61DB394}"
EndProject
Project("{FAE04EC0-301F-11D3-BF4B-00C04F79EFBC}") = "A6Tests", "A6Tests\A6Tests.csproj", "{FAE0D911-E6E9-454A-9B4E-392AA03F7274}"
EndProject
Project("{FAE04EC0-301F-11D3-BF4B-00C04F79EFBC}") = "TestCommon", "..\Common\TestCommon\TestCommon.csproj", "{C39FF0C4-6960-42AD-8E2C-D2CAFE850A52}"
EndProject
Global
	GlobalSection(SolutionConfigurationPlatforms) = preSolution
		Debug|Any CPU = Debug|Any CPU
		Release|Any CPU = Release|Any CPU
	EndGlobalSection
	GlobalSection(ProjectConfigurationPlatforms) = postSolution
		{BCF39A66-CA1A-4328-A1DF-73C9E61DB394}.Debug|Any CPU.ActiveCfg = Debug|Any CPU
		{BCF39A66-CA1A-4328-A1DF-73C9E61DB394}.Debug|Any CPU.Build.0 = Debug|Any CPU
		{BCF39A66-CA1A-4328-A1DF-73C9E61DB394}.Release|Any CPU.ActiveCfg = Release|Any CPU
		{BCF39A66-CA1A-4328-A1DF-73C9E61DB394}.Release|Any CPU.Build.0 = Release|Any CPU
		{FAE0D911-E6E9-454A-9B4E-392AA03F7274}.Debug|Any CPU.ActiveCfg = Debug|Any CPU
		{FAE0D911-E6E9-454A-9B4E-392AA03F7274}.Debug|Any CPU.Build.0 = Debug|Any CPU
		{FAE0D911-E6E9-454A-9B4E-392AA03F7274}.Release|Any CPU.ActiveCfg = Release|Any CPU
		{FAE0D911-E6E9-454A-9B4E-392AA03F7274}.Release|Any CPU.Build.0 = Release|Any CPU
		{C39FF0C4-6960-42AD-8E2C-D2CAFE850A52}.Debug|Any CPU.ActiveCfg = Debug|Any CPU
		{C39FF0C4-6960-42AD-8E2C-D2CAFE850A52}.Debug|Any CPU.Build.0 = Debug|Any CPU
		{C39FF0C4-6960-42AD-8E2C-D2CAFE850A52}.Release|Any CPU.ActiveCfg = Release|Any CPU
		{C39FF0C4-6960-42AD-8E2C-D2CAFE850A52}.Release|Any CPU.Build.0 = Release|Any CPU
	EndGlobalSection
	GlobalSection(SolutionProperties) = preSolution
		HideSolutionNode = FALSE
	EndGlobalSection
	GlobalSection(ExtensibilityGlobals) = postSolution
		SolutionGuid = {CB9FE4AD-BA1C-47F6-9AD8-BD40BACED7E6}
	EndGlobalSection
EndGlobal
