
Microsoft Visual Studio Solution File, Format Version 12.00
# Visual Studio 15
VisualStudioVersion = 15.0.28010.2003
MinimumVisualStudioVersion = 10.0.40219.1
Project("{FAE04EC0-301F-11D3-BF4B-00C04F79EFBC}") = "A8", "A8\A8.csproj", "{760C75C4-3752-4CFC-B5C0-DD97EC56DC03}"
EndProject
Project("{FAE04EC0-301F-11D3-BF4B-00C04F79EFBC}") = "A8Tests", "A8Tests\A8Tests.csproj", "{FFEB9255-BAFE-43CE-93E7-056654ED3C21}"
EndProject
Project("{FAE04EC0-301F-11D3-BF4B-00C04F79EFBC}") = "TestCommon", "..\Common\TestCommon\TestCommon.csproj", "{C39FF0C4-6960-42AD-8E2C-D2CAFE850A52}"
EndProject
Global
	GlobalSection(SolutionConfigurationPlatforms) = preSolution
		Debug|Any CPU = Debug|Any CPU
		Release|Any CPU = Release|Any CPU
	EndGlobalSection
	GlobalSection(ProjectConfigurationPlatforms) = postSolution
		{760C75C4-3752-4CFC-B5C0-DD97EC56DC03}.Debug|Any CPU.ActiveCfg = Debug|Any CPU
		{760C75C4-3752-4CFC-B5C0-DD97EC56DC03}.Debug|Any CPU.Build.0 = Debug|Any CPU
		{760C75C4-3752-4CFC-B5C0-DD97EC56DC03}.Release|Any CPU.ActiveCfg = Release|Any CPU
		{760C75C4-3752-4CFC-B5C0-DD97EC56DC03}.Release|Any CPU.Build.0 = Release|Any CPU
		{FFEB9255-BAFE-43CE-93E7-056654ED3C21}.Debug|Any CPU.ActiveCfg = Debug|Any CPU
		{FFEB9255-BAFE-43CE-93E7-056654ED3C21}.Debug|Any CPU.Build.0 = Debug|Any CPU
		{FFEB9255-BAFE-43CE-93E7-056654ED3C21}.Release|Any CPU.ActiveCfg = Release|Any CPU
		{FFEB9255-BAFE-43CE-93E7-056654ED3C21}.Release|Any CPU.Build.0 = Release|Any CPU
		{C39FF0C4-6960-42AD-8E2C-D2CAFE850A52}.Debug|Any CPU.ActiveCfg = Debug|Any CPU
		{C39FF0C4-6960-42AD-8E2C-D2CAFE850A52}.Debug|Any CPU.Build.0 = Debug|Any CPU
		{C39FF0C4-6960-42AD-8E2C-D2CAFE850A52}.Release|Any CPU.ActiveCfg = Release|Any CPU
		{C39FF0C4-6960-42AD-8E2C-D2CAFE850A52}.Release|Any CPU.Build.0 = Release|Any CPU
	EndGlobalSection
	GlobalSection(SolutionProperties) = preSolution
		HideSolutionNode = FALSE
	EndGlobalSection
	GlobalSection(ExtensibilityGlobals) = postSolution
		SolutionGuid = {CF755F53-044E-4FAE-99B4-89691D066E1F}
	EndGlobalSection
EndGlobal
